// !$*UTF8*$!
{
	archiveVersion = 1;
	classes = {
	};
	objectVersion = 46;
	objects = {

/* Begin PBXBuildFile section */
		2348284D191B096D00159DA5 /* BlurImageView.m in Sources */ = {isa = PBXBuildFile; fileRef = 2348284C191B096D00159DA5 /* BlurImageView.m */; };
		23C103A3191B02F10022C8D6 /* Foundation.framework in Frameworks */ = {isa = PBXBuildFile; fileRef = 23C103A2191B02F10022C8D6 /* Foundation.framework */; };
		23C103A5191B02F10022C8D6 /* CoreGraphics.framework in Frameworks */ = {isa = PBXBuildFile; fileRef = 23C103A4191B02F10022C8D6 /* CoreGraphics.framework */; };
		23C103A7191B02F10022C8D6 /* UIKit.framework in Frameworks */ = {isa = PBXBuildFile; fileRef = 23C103A6191B02F10022C8D6 /* UIKit.framework */; };
		23C103AD191B02F10022C8D6 /* InfoPlist.strings in Resources */ = {isa = PBXBuildFile; fileRef = 23C103AB191B02F10022C8D6 /* InfoPlist.strings */; };
		23C103AF191B02F10022C8D6 /* main.m in Sources */ = {isa = PBXBuildFile; fileRef = 23C103AE191B02F10022C8D6 /* main.m */; };
		23C103B3191B02F10022C8D6 /* BlurAppDelegate.m in Sources */ = {isa = PBXBuildFile; fileRef = 23C103B2191B02F10022C8D6 /* BlurAppDelegate.m */; };
		23C103B6191B02F10022C8D6 /* Main.storyboard in Resources */ = {isa = PBXBuildFile; fileRef = 23C103B4191B02F10022C8D6 /* Main.storyboard */; };
		23C103B9191B02F10022C8D6 /* BlurViewController.m in Sources */ = {isa = PBXBuildFile; fileRef = 23C103B8191B02F10022C8D6 /* BlurViewController.m */; };
		23C103BB191B02F10022C8D6 /* Images.xcassets in Resources */ = {isa = PBXBuildFile; fileRef = 23C103BA191B02F10022C8D6 /* Images.xcassets */; };
		23C103C2191B02F10022C8D6 /* XCTest.framework in Frameworks */ = {isa = PBXBuildFile; fileRef = 23C103C1191B02F10022C8D6 /* XCTest.framework */; };
		23C103C3191B02F10022C8D6 /* Foundation.framework in Frameworks */ = {isa = PBXBuildFile; fileRef = 23C103A2191B02F10022C8D6 /* Foundation.framework */; };
		23C103C4191B02F10022C8D6 /* UIKit.framework in Frameworks */ = {isa = PBXBuildFile; fileRef = 23C103A6191B02F10022C8D6 /* UIKit.framework */; };
		23C103CC191B02F10022C8D6 /* InfoPlist.strings in Resources */ = {isa = PBXBuildFile; fileRef = 23C103CA191B02F10022C8D6 /* InfoPlist.strings */; };
		23C103CE191B02F10022C8D6 /* BlurAnimationTests.m in Sources */ = {isa = PBXBuildFile; fileRef = 23C103CD191B02F10022C8D6 /* BlurAnimationTests.m */; };
		43C0427FB73D4B0DADF3EECD /* libPods.a in Frameworks */ = {isa = PBXBuildFile; fileRef = 84D2446D521F48DDBF1AEF89 /* libPods.a */; };
/* End PBXBuildFile section */

/* Begin PBXContainerItemProxy section */
		23C103C5191B02F10022C8D6 /* PBXContainerItemProxy */ = {
			isa = PBXContainerItemProxy;
			containerPortal = 23C10397191B02F10022C8D6 /* Project object */;
			proxyType = 1;
			remoteGlobalIDString = 23C1039E191B02F10022C8D6;
			remoteInfo = BlurAnimation;
		};
/* End PBXContainerItemProxy section */

/* Begin PBXFileReference section */
		2348284B191B096D00159DA5 /* BlurImageView.h */ = {isa = PBXFileReference; fileEncoding = 4; lastKnownFileType = sourcecode.c.h; path = BlurImageView.h; sourceTree = "<group>"; };
		2348284C191B096D00159DA5 /* BlurImageView.m */ = {isa = PBXFileReference; fileEncoding = 4; lastKnownFileType = sourcecode.c.objc; path = BlurImageView.m; sourceTree = "<group>"; };
		23C1039F191B02F10022C8D6 /* BlurAnimation.app */ = {isa = PBXFileReference; explicitFileType = wrapper.application; includeInIndex = 0; path = BlurAnimation.app; sourceTree = BUILT_PRODUCTS_DIR; };
		23C103A2191B02F10022C8D6 /* Foundation.framework */ = {isa = PBXFileReference; lastKnownFileType = wrapper.framework; name = Foundation.framework; path = System/Library/Frameworks/Foundation.framework; sourceTree = SDKROOT; };
		23C103A4191B02F10022C8D6 /* CoreGraphics.framework */ = {isa = PBXFileReference; lastKnownFileType = wrapper.framework; name = CoreGraphics.framework; path = System/Library/Frameworks/CoreGraphics.framework; sourceTree = SDKROOT; };
		23C103A6191B02F10022C8D6 /* UIKit.framework */ = {isa = PBXFileReference; lastKnownFileType = wrapper.framework; name = UIKit.framework; path = System/Library/Frameworks/UIKit.framework; sourceTree = SDKROOT; };
		23C103AA191B02F10022C8D6 /* BlurAnimation-Info.plist */ = {isa = PBXFileReference; lastKnownFileType = text.plist.xml; path = "BlurAnimation-Info.plist"; sourceTree = "<group>"; };
		23C103AC191B02F10022C8D6 /* en */ = {isa = PBXFileReference; lastKnownFileType = text.plist.strings; name = en; path = en.lproj/InfoPlist.strings; sourceTree = "<group>"; };
		23C103AE191B02F10022C8D6 /* main.m */ = {isa = PBXFileReference; lastKnownFileType = sourcecode.c.objc; path = main.m; sourceTree = "<group>"; };
		23C103B0191B02F10022C8D6 /* BlurAnimation-Prefix.pch */ = {isa = PBXFileReference; lastKnownFileType = sourcecode.c.h; path = "BlurAnimation-Prefix.pch"; sourceTree = "<group>"; };
		23C103B1191B02F10022C8D6 /* BlurAppDelegate.h */ = {isa = PBXFileReference; lastKnownFileType = sourcecode.c.h; path = BlurAppDelegate.h; sourceTree = "<group>"; };
		23C103B2191B02F10022C8D6 /* BlurAppDelegate.m */ = {isa = PBXFileReference; lastKnownFileType = sourcecode.c.objc; path = BlurAppDelegate.m; sourceTree = "<group>"; };
		23C103B5191B02F10022C8D6 /* Base */ = {isa = PBXFileReference; lastKnownFileType = file.storyboard; name = Base; path = Base.lproj/Main.storyboard; sourceTree = "<group>"; };
		23C103B7191B02F10022C8D6 /* BlurViewController.h */ = {isa = PBXFileReference; lastKnownFileType = sourcecode.c.h; path = BlurViewController.h; sourceTree = "<group>"; };
		23C103B8191B02F10022C8D6 /* BlurViewController.m */ = {isa = PBXFileReference; lastKnownFileType = sourcecode.c.objc; path = BlurViewController.m; sourceTree = "<group>"; };
		23C103BA191B02F10022C8D6 /* Images.xcassets */ = {isa = PBXFileReference; lastKnownFileType = folder.assetcatalog; path = Images.xcassets; sourceTree = "<group>"; };
		23C103C0191B02F10022C8D6 /* BlurAnimationTests.xctest */ = {isa = PBXFileReference; explicitFileType = wrapper.cfbundle; includeInIndex = 0; path = BlurAnimationTests.xctest; sourceTree = BUILT_PRODUCTS_DIR; };
		23C103C1191B02F10022C8D6 /* XCTest.framework */ = {isa = PBXFileReference; lastKnownFileType = wrapper.framework; name = XCTest.framework; path = Library/Frameworks/XCTest.framework; sourceTree = DEVELOPER_DIR; };
		23C103C9191B02F10022C8D6 /* BlurAnimationTests-Info.plist */ = {isa = PBXFileReference; lastKnownFileType = text.plist.xml; path = "BlurAnimationTests-Info.plist"; sourceTree = "<group>"; };
		23C103CB191B02F10022C8D6 /* en */ = {isa = PBXFileReference; lastKnownFileType = text.plist.strings; name = en; path = en.lproj/InfoPlist.strings; sourceTree = "<group>"; };
		23C103CD191B02F10022C8D6 /* BlurAnimationTests.m */ = {isa = PBXFileReference; lastKnownFileType = sourcecode.c.objc; path = BlurAnimationTests.m; sourceTree = "<group>"; };
		84D2446D521F48DDBF1AEF89 /* libPods.a */ = {isa = PBXFileReference; explicitFileType = archive.ar; includeInIndex = 0; path = libPods.a; sourceTree = BUILT_PRODUCTS_DIR; };
		CC3F6C70D9EB4B649DAF80A7 /* Pods.xcconfig */ = {isa = PBXFileReference; includeInIndex = 1; lastKnownFileType = text.xcconfig; name = Pods.xcconfig; path = Pods/Pods.xcconfig; sourceTree = "<group>"; };
/* End PBXFileReference section */

/* Begin PBXFrameworksBuildPhase section */
		23C1039C191B02F10022C8D6 /* Frameworks */ = {
			isa = PBXFrameworksBuildPhase;
			buildActionMask = 2147483647;
			files = (
				23C103A5191B02F10022C8D6 /* CoreGraphics.framework in Frameworks */,
				23C103A7191B02F10022C8D6 /* UIKit.framework in Frameworks */,
				23C103A3191B02F10022C8D6 /* Foundation.framework in Frameworks */,
				43C0427FB73D4B0DADF3EECD /* libPods.a in Frameworks */,
			);
			runOnlyForDeploymentPostprocessing = 0;
		};
		23C103BD191B02F10022C8D6 /* Frameworks */ = {
			isa = PBXFrameworksBuildPhase;
			buildActionMask = 2147483647;
			files = (
				23C103C2191B02F10022C8D6 /* XCTest.framework in Frameworks */,
				23C103C4191B02F10022C8D6 /* UIKit.framework in Frameworks */,
				23C103C3191B02F10022C8D6 /* Foundation.framework in Frameworks */,
			);
			runOnlyForDeploymentPostprocessing = 0;
		};
/* End PBXFrameworksBuildPhase section */

/* Begin PBXGroup section */
		23C10396191B02F10022C8D6 = {
			isa = PBXGroup;
			children = (
				23C103A8191B02F10022C8D6 /* BlurAnimation */,
				23C103C7191B02F10022C8D6 /* BlurAnimationTests */,
				23C103A1191B02F10022C8D6 /* Frameworks */,
				23C103A0191B02F10022C8D6 /* Products */,
				CC3F6C70D9EB4B649DAF80A7 /* Pods.xcconfig */,
			);
			sourceTree = "<group>";
		};
		23C103A0191B02F10022C8D6 /* Products */ = {
			isa = PBXGroup;
			children = (
				23C1039F191B02F10022C8D6 /* BlurAnimation.app */,
				23C103C0191B02F10022C8D6 /* BlurAnimationTests.xctest */,
			);
			name = Products;
			sourceTree = "<group>";
		};
		23C103A1191B02F10022C8D6 /* Frameworks */ = {
			isa = PBXGroup;
			children = (
				23C103A2191B02F10022C8D6 /* Foundation.framework */,
				23C103A4191B02F10022C8D6 /* CoreGraphics.framework */,
				23C103A6191B02F10022C8D6 /* UIKit.framework */,
				23C103C1191B02F10022C8D6 /* XCTest.framework */,
				84D2446D521F48DDBF1AEF89 /* libPods.a */,
			);
			name = Frameworks;
			sourceTree = "<group>";
		};
		23C103A8191B02F10022C8D6 /* BlurAnimation */ = {
			isa = PBXGroup;
			children = (
				2348284B191B096D00159DA5 /* BlurImageView.h */,
				2348284C191B096D00159DA5 /* BlurImageView.m */,
				23C103B1191B02F10022C8D6 /* BlurAppDelegate.h */,
				23C103B2191B02F10022C8D6 /* BlurAppDelegate.m */,
				23C103B4191B02F10022C8D6 /* Main.storyboard */,
				23C103B7191B02F10022C8D6 /* BlurViewController.h */,
				23C103B8191B02F10022C8D6 /* BlurViewController.m */,
				23C103BA191B02F10022C8D6 /* Images.xcassets */,
				23C103A9191B02F10022C8D6 /* Supporting Files */,
			);
			path = BlurAnimation;
			sourceTree = "<group>";
		};
		23C103A9191B02F10022C8D6 /* Supporting Files */ = {
			isa = PBXGroup;
			children = (
				23C103AA191B02F10022C8D6 /* BlurAnimation-Info.plist */,
				23C103AB191B02F10022C8D6 /* InfoPlist.strings */,
				23C103AE191B02F10022C8D6 /* main.m */,
				23C103B0191B02F10022C8D6 /* BlurAnimation-Prefix.pch */,
			);
			name = "Supporting Files";
			sourceTree = "<group>";
		};
		23C103C7191B02F10022C8D6 /* BlurAnimationTests */ = {
			isa = PBXGroup;
			children = (
				23C103CD191B02F10022C8D6 /* BlurAnimationTests.m */,
				23C103C8191B02F10022C8D6 /* Supporting Files */,
			);
			path = BlurAnimationTests;
			sourceTree = "<group>";
		};
		23C103C8191B02F10022C8D6 /* Supporting Files */ = {
			isa = PBXGroup;
			children = (
				23C103C9191B02F10022C8D6 /* BlurAnimationTests-Info.plist */,
				23C103CA191B02F10022C8D6 /* InfoPlist.strings */,
			);
			name = "Supporting Files";
			sourceTree = "<group>";
		};
/* End PBXGroup section */

/* Begin PBXNativeTarget section */
		23C1039E191B02F10022C8D6 /* BlurAnimation */ = {
			isa = PBXNativeTarget;
			buildConfigurationList = 23C103D1191B02F10022C8D6 /* Build configuration list for PBXNativeTarget "BlurAnimation" */;
			buildPhases = (
				2651CF228CF94493B7D13B2A /* Check Pods Manifest.lock */,
				23C1039B191B02F10022C8D6 /* Sources */,
				23C1039C191B02F10022C8D6 /* Frameworks */,
				23C1039D191B02F10022C8D6 /* Resources */,
				1529E91E19B04285BF569C68 /* Copy Pods Resources */,
			);
			buildRules = (
			);
			dependencies = (
			);
			name = BlurAnimation;
			productName = BlurAnimation;
			productReference = 23C1039F191B02F10022C8D6 /* BlurAnimation.app */;
			productType = "com.apple.product-type.application";
		};
		23C103BF191B02F10022C8D6 /* BlurAnimationTests */ = {
			isa = PBXNativeTarget;
			buildConfigurationList = 23C103D4191B02F10022C8D6 /* Build configuration list for PBXNativeTarget "BlurAnimationTests" */;
			buildPhases = (
				23C103BC191B02F10022C8D6 /* Sources */,
				23C103BD191B02F10022C8D6 /* Frameworks */,
				23C103BE191B02F10022C8D6 /* Resources */,
			);
			buildRules = (
			);
			dependencies = (
				23C103C6191B02F10022C8D6 /* PBXTargetDependency */,
			);
			name = BlurAnimationTests;
			productName = BlurAnimationTests;
			productReference = 23C103C0191B02F10022C8D6 /* BlurAnimationTests.xctest */;
			productType = "com.apple.product-type.bundle.unit-test";
		};
/* End PBXNativeTarget section */

/* Begin PBXProject section */
		23C10397191B02F10022C8D6 /* Project object */ = {
			isa = PBXProject;
			attributes = {
				CLASSPREFIX = Blur;
				LastUpgradeCheck = 0510;
				ORGANIZATIONNAME = "Michelle Alexander";
				TargetAttributes = {
					23C103BF191B02F10022C8D6 = {
						TestTargetID = 23C1039E191B02F10022C8D6;
					};
				};
			};
			buildConfigurationList = 23C1039A191B02F10022C8D6 /* Build configuration list for PBXProject "BlurAnimation" */;
			compatibilityVersion = "Xcode 3.2";
			developmentRegion = English;
			hasScannedForEncodings = 0;
			knownRegions = (
				en,
				Base,
			);
			mainGroup = 23C10396191B02F10022C8D6;
			productRefGroup = 23C103A0191B02F10022C8D6 /* Products */;
			projectDirPath = "";
			projectRoot = "";
			targets = (
				23C1039E191B02F10022C8D6 /* BlurAnimation */,
				23C103BF191B02F10022C8D6 /* BlurAnimationTests */,
			);
		};
/* End PBXProject section */

/* Begin PBXResourcesBuildPhase section */
		23C1039D191B02F10022C8D6 /* Resources */ = {
			isa = PBXResourcesBuildPhase;
			buildActionMask = 2147483647;
			files = (
				23C103BB191B02F10022C8D6 /* Images.xcassets in Resources */,
				23C103AD191B02F10022C8D6 /* InfoPlist.strings in Resources */,
				23C103B6191B02F10022C8D6 /* Main.storyboard in Resources */,
			);
			runOnlyForDeploymentPostprocessing = 0;
		};
		23C103BE191B02F10022C8D6 /* Resources */ = {
			isa = PBXResourcesBuildPhase;
			buildActionMask = 2147483647;
			files = (
				23C103CC191B02F10022C8D6 /* InfoPlist.strings in Resources */,
			);
			runOnlyForDeploymentPostprocessing = 0;
		};
/* End PBXResourcesBuildPhase section */

/* Begin PBXShellScriptBuildPhase section */
		1529E91E19B04285BF569C68 /* Copy Pods Resources */ = {
			isa = PBXShellScriptBuildPhase;
			buildActionMask = 2147483647;
			files = (
			);
			inputPaths = (
			);
			name = "Copy Pods Resources";
			outputPaths = (
			);
			runOnlyForDeploymentPostprocessing = 0;
			shellPath = /bin/sh;
			shellScript = "\"${SRCROOT}/Pods/Pods-resources.sh\"\n";
			showEnvVarsInLog = 0;
		};
		2651CF228CF94493B7D13B2A /* Check Pods Manifest.lock */ = {
			isa = PBXShellScriptBuildPhase;
			buildActionMask = 2147483647;
			files = (
			);
			inputPaths = (
			);
			name = "Check Pods Manifest.lock";
			outputPaths = (
			);
			runOnlyForDeploymentPostprocessing = 0;
			shellPath = /bin/sh;
			shellScript = "diff \"${PODS_ROOT}/../Podfile.lock\" \"${PODS_ROOT}/Manifest.lock\" > /dev/null\nif [[ $? != 0 ]] ; then\n    cat << EOM\nerror: The sandbox is not in sync with the Podfile.lock. Run 'pod install' or update your CocoaPods installation.\nEOM\n    exit 1\nfi\n";
			showEnvVarsInLog = 0;
		};
/* End PBXShellScriptBuildPhase section */

/* Begin PBXSourcesBuildPhase section */
		23C1039B191B02F10022C8D6 /* Sources */ = {
			isa = PBXSourcesBuildPhase;
			buildActionMask = 2147483647;
			files = (
				2348284D191B096D00159DA5 /* BlurImageView.m in Sources */,
				23C103AF191B02F10022C8D6 /* main.m in Sources */,
				23C103B9191B02F10022C8D6 /* BlurViewController.m in Sources */,
				23C103B3191B02F10022C8D6 /* BlurAppDelegate.m in Sources */,
			);
			runOnlyForDeploymentPostprocessing = 0;
		};
		23C103BC191B02F10022C8D6 /* Sources */ = {
			isa = PBXSourcesBuildPhase;
			buildActionMask = 2147483647;
			files = (
				23C103CE191B02F10022C8D6 /* BlurAnimationTests.m in Sources */,
			);
			runOnlyForDeploymentPostprocessing = 0;
		};
/* End PBXSourcesBuildPhase section */

/* Begin PBXTargetDependency section */
		23C103C6191B02F10022C8D6 /* PBXTargetDependency */ = {
			isa = PBXTargetDependency;
			target = 23C1039E191B02F10022C8D6 /* BlurAnimation */;
			targetProxy = 23C103C5191B02F10022C8D6 /* PBXContainerItemProxy */;
		};
/* End PBXTargetDependency section */

/* Begin PBXVariantGroup section */
		23C103AB191B02F10022C8D6 /* InfoPlist.strings */ = {
			isa = PBXVariantGroup;
			children = (
				23C103AC191B02F10022C8D6 /* en */,
			);
			name = InfoPlist.strings;
			sourceTree = "<group>";
		};
		23C103B4191B02F10022C8D6 /* Main.storyboard */ = {
			isa = PBXVariantGroup;
			children = (
				23C103B5191B02F10022C8D6 /* Base */,
			);
			name = Main.storyboard;
			sourceTree = "<group>";
		};
		23C103CA191B02F10022C8D6 /* InfoPlist.strings */ = {
			isa = PBXVariantGroup;
			children = (
				23C103CB191B02F10022C8D6 /* en */,
			);
			name = InfoPlist.strings;
			sourceTree = "<group>";
		};
/* End PBXVariantGroup section */

/* Begin XCBuildConfiguration section */
		23C103CF191B02F10022C8D6 /* Debug */ = {
			isa = XCBuildConfiguration;
			buildSettings = {
				ALWAYS_SEARCH_USER_PATHS = NO;
				CLANG_CXX_LANGUAGE_STANDARD = "gnu++0x";
				CLANG_CXX_LIBRARY = "libc++";
				CLANG_ENABLE_MODULES = YES;
				CLANG_ENABLE_OBJC_ARC = YES;
				CLANG_WARN_BOOL_CONVERSION = YES;
				CLANG_WARN_CONSTANT_CONVERSION = YES;
				CLANG_WARN_DIRECT_OBJC_ISA_USAGE = YES_ERROR;
				CLANG_WARN_EMPTY_BODY = YES;
				CLANG_WARN_ENUM_CONVERSION = YES;
				CLANG_WARN_INT_CONVERSION = YES;
				CLANG_WARN_OBJC_ROOT_CLASS = YES_ERROR;
				CLANG_WARN__DUPLICATE_METHOD_MATCH = YES;
				"CODE_SIGN_IDENTITY[sdk=iphoneos*]" = "iPhone Developer";
				COPY_PHASE_STRIP = NO;
				GCC_C_LANGUAGE_STANDARD = gnu99;
				GCC_DYNAMIC_NO_PIC = NO;
				GCC_OPTIMIZATION_LEVEL = 0;
				GCC_PREPROCESSOR_DEFINITIONS = (
					"DEBUG=1",
					"$(inherited)",
				);
				GCC_SYMBOLS_PRIVATE_EXTERN = NO;
				GCC_WARN_64_TO_32_BIT_CONVERSION = YES;
				GCC_WARN_ABOUT_RETURN_TYPE = YES_ERROR;
				GCC_WARN_UNDECLARED_SELECTOR = YES;
				GCC_WARN_UNINITIALIZED_AUTOS = YES_AGGRESSIVE;
				GCC_WARN_UNUSED_FUNCTION = YES;
				GCC_WARN_UNUSED_VARIABLE = YES;
				IPHONEOS_DEPLOYMENT_TARGET = 7.1;
				ONLY_ACTIVE_ARCH = YES;
				SDKROOT = iphoneos;
			};
			name = Debug;
		};
		23C103D0191B02F10022C8D6 /* Release */ = {
			isa = XCBuildConfiguration;
			buildSettings = {
				ALWAYS_SEARCH_USER_PATHS = NO;
				CLANG_CXX_LANGUAGE_STANDARD = "gnu++0x";
				CLANG_CXX_LIBRARY = "libc++";
				CLANG_ENABLE_MODULES = YES;
				CLANG_ENABLE_OBJC_ARC = YES;
				CLANG_WARN_BOOL_CONVERSION = YES;
				CLANG_WARN_CONSTANT_CONVERSION = YES;
				CLANG_WARN_DIRECT_OBJC_ISA_USAGE = YES_ERROR;
				CLANG_WARN_EMPTY_BODY = YES;
				CLANG_WARN_ENUM_CONVERSION = YES;
				CLANG_WARN_INT_CONVERSION = YES;
				CLANG_WARN_OBJC_ROOT_CLASS = YES_ERROR;
				CLANG_WARN__DUPLICATE_METHOD_MATCH = YES;
				"CODE_SIGN_IDENTITY[sdk=iphoneos*]" = "iPhone Developer";
				COPY_PHASE_STRIP = YES;
				ENABLE_NS_ASSERTIONS = NO;
				GCC_C_LANGUAGE_STANDARD = gnu99;
				GCC_WARN_64_TO_32_BIT_CONVERSION = YES;
				GCC_WARN_ABOUT_RETURN_TYPE = YES_ERROR;
				GCC_WARN_UNDECLARED_SELECTOR = YES;
				GCC_WARN_UNINITIALIZED_AUTOS = YES_AGGRESSIVE;
				GCC_WARN_UNUSED_FUNCTION = YES;
				GCC_WARN_UNUSED_VARIABLE = YES;
				IPHONEOS_DEPLOYMENT_TARGET = 7.1;
				SDKROOT = iphoneos;
				VALIDATE_PRODUCT = YES;
			};
			name = Release;
		};
		23C103D2191B02F10022C8D6 /* Debug */ = {
			isa = XCBuildConfiguration;
			baseConfigurationReference = CC3F6C70D9EB4B649DAF80A7 /* Pods.xcconfig */;
			buildSettings = {
				ASSETCATALOG_COMPILER_APPICON_NAME = AppIcon;
				ASSETCATALOG_COMPILER_LAUNCHIMAGE_NAME = LaunchImage;
				GCC_PRECOMPILE_PREFIX_HEADER = YES;
				GCC_PREFIX_HEADER = "BlurAnimation/BlurAnimation-Prefix.pch";
				INFOPLIST_FILE = "BlurAnimation/BlurAnimation-Info.plist";
				IPHONEOS_DEPLOYMENT_TARGET = 7.1;
				PRODUCT_NAME = "$(TARGET_NAME)";
				TARGETED_DEVICE_FAMILY = "1,2";
				WRAPPER_EXTENSION = app;
			};
			name = Debug;
		};
		23C103D3191B02F10022C8D6 /* Release */ = {
			isa = XCBuildConfiguration;
			baseConfigurationReference = CC3F6C70D9EB4B649DAF80A7 /* Pods.xcconfig */;
			buildSettings = {
				ASSETCATALOG_COMPILER_APPICON_NAME = AppIcon;
				ASSETCATALOG_COMPILER_LAUNCHIMAGE_NAME = LaunchImage;
				GCC_PRECOMPILE_PREFIX_HEADER = YES;
				GCC_PREFIX_HEADER = "BlurAnimation/BlurAnimation-Prefix.pch";
				INFOPLIST_FILE = "BlurAnimation/BlurAnimation-Info.plist";
				IPHONEOS_DEPLOYMENT_TARGET = 7.1;
				PRODUCT_NAME = "$(TARGET_NAME)";
				TARGETED_DEVICE_FAMILY = "1,2";
				WRAPPER_EXTENSION = app;
			};
			name = Release;
		};
		23C103D5191B02F10022C8D6 /* Debug */ = {
			isa = XCBuildConfiguration;
			buildSettings = {
				BUNDLE_LOADER = "$(BUILT_PRODUCTS_DIR)/BlurAnimation.app/BlurAnimation";
				FRAMEWORK_SEARCH_PATHS = (
					"$(SDKROOT)/Developer/Library/Frameworks",
					"$(inherited)",
					"$(DEVELOPER_FRAMEWORKS_DIR)",
				);
				GCC_PRECOMPILE_PREFIX_HEADER = YES;
				GCC_PREFIX_HEADER = "BlurAnimation/BlurAnimation-Prefix.pch";
				GCC_PREPROCESSOR_DEFINITIONS = (
					"DEBUG=1",
					"$(inherited)",
				);
				INFOPLIST_FILE = "BlurAnimationTests/BlurAnimationTests-Info.plist";
				PRODUCT_NAME = "$(TARGET_NAME)";
				TEST_HOST = "$(BUNDLE_LOADER)";
				WRAPPER_EXTENSION = xctest;
			};
			name = Debug;
		};
		23C103D6191B02F10022C8D6 /* Release */ = {
			isa = XCBuildConfiguration;
			buildSettings = {
				BUNDLE_LOADER = "$(BUILT_PRODUCTS_DIR)/BlurAnimation.app/BlurAnimation";
				FRAMEWORK_SEARCH_PATHS = (
					"$(SDKROOT)/Developer/Library/Frameworks",
					"$(inherited)",
					"$(DEVELOPER_FRAMEWORKS_DIR)",
				);
				GCC_PRECOMPILE_PREFIX_HEADER = YES;
				GCC_PREFIX_HEADER = "BlurAnimation/BlurAnimation-Prefix.pch";
				INFOPLIST_FILE = "BlurAnimationTests/BlurAnimationTests-Info.plist";
				PRODUCT_NAME = "$(TARGET_NAME)";
				TEST_HOST = "$(BUNDLE_LOADER)";
				WRAPPER_EXTENSION = xctest;
			};
			name = Release;
		};
/* End XCBuildConfiguration section */

/* Begin XCConfigurationList section */
		23C1039A191B02F10022C8D6 /* Build configuration list for PBXProject "BlurAnimation" */ = {
			isa = XCConfigurationList;
			buildConfigurations = (
				23C103CF191B02F10022C8D6 /* Debug */,
				23C103D0191B02F10022C8D6 /* Release */,
			);
			defaultConfigurationIsVisible = 0;
			defaultConfigurationName = Release;
		};
		23C103D1191B02F10022C8D6 /* Build configuration list for PBXNativeTarget "BlurAnimation" */ = {
			isa = XCConfigurationList;
			buildConfigurations = (
				23C103D2191B02F10022C8D6 /* Debug */,
				23C103D3191B02F10022C8D6 /* Release */,
			);
			defaultConfigurationIsVisible = 0;
			defaultConfigurationName = Release;
		};
		23C103D4191B02F10022C8D6 /* Build configuration list for PBXNativeTarget "BlurAnimationTests" */ = {
			isa = XCConfigurationList;
			buildConfigurations = (
				23C103D5191B02F10022C8D6 /* Debug */,
				23C103D6191B02F10022C8D6 /* Release */,
			);
			defaultConfigurationIsVisible = 0;
			defaultConfigurationName = Release;
		};
/* End XCConfigurationList section */
	};
	rootObject = 23C10397191B02F10022C8D6 /* Project object */;
}
